
Microsoft Visual Studio Solution File, Format Version 12.00
# Visual Studio Version 16
VisualStudioVersion = 16.0.29424.173
MinimumVisualStudioVersion = 10.0.40219.1
Project("{FAE04EC0-301F-11D3-BF4B-00C04F79EFBC}") = "execit", "execit.csproj", "{A721C3FB-4F1F-4A06-9540-819DF316896E}"
EndProject
Global
	GlobalSection(SolutionConfigurationPlatforms) = preSolution
		Debug|Any CPU = Debug|Any CPU
		Release|Any CPU = Release|Any CPU
	EndGlobalSection
	GlobalSection(ProjectConfigurationPlatforms) = postSolution
		{A721C3FB-4F1F-4A06-9540-819DF316896E}.Debug|Any CPU.ActiveCfg = Debug|Any CPU
		{A721C3FB-4F1F-4A06-9540-819DF316896E}.Debug|Any CPU.Build.0 = Debug|Any CPU
		{A721C3FB-4F1F-4A06-9540-819DF316896E}.Release|Any CPU.ActiveCfg = Release|Any CPU
		{A721C3FB-4F1F-4A06-9540-819DF316896E}.Release|Any CPU.Build.0 = Release|Any CPU
	EndGlobalSection
	GlobalSection(SolutionProperties) = preSolution
		HideSolutionNode = FALSE
	EndGlobalSection
	GlobalSection(ExtensibilityGlobals) = postSolution
		SolutionGuid = {3A45523C-5F4F-4EA1-9AC8-286DA249CD2E}
	EndGlobalSection
EndGlobal
